
Microsoft Visual Studio Solution File, Format Version 12.00
# Visual Studio Version 17
VisualStudioVersion = 17.14.36127.28 d17.14
MinimumVisualStudioVersion = 10.0.40219.1
Project("{FAE04EC0-301F-11D3-BF4B-00C04F79EFBC}") = "Calabonga.PipelineExecutor.Demo", "Calabonga.PipelineExecutor.Demo\Calabonga.PipelineExecutor.Demo.csproj", "{6CC28413-7DDD-4785-B32F-C1C93A15D0DF}"
EndProject
Global
	GlobalSection(SolutionConfigurationPlatforms) = preSolution
		Debug|Any CPU = Debug|Any CPU
		Release|Any CPU = Release|Any CPU
	EndGlobalSection
	GlobalSection(ProjectConfigurationPlatforms) = postSolution
		{6CC28413-7DDD-4785-B32F-C1C93A15D0DF}.Debug|Any CPU.ActiveCfg = Debug|Any CPU
		{6CC28413-7DDD-4785-B32F-C1C93A15D0DF}.Debug|Any CPU.Build.0 = Debug|Any CPU
		{6CC28413-7DDD-4785-B32F-C1C93A15D0DF}.Release|Any CPU.ActiveCfg = Release|Any CPU
		{6CC28413-7DDD-4785-B32F-C1C93A15D0DF}.Release|Any CPU.Build.0 = Release|Any CPU
	EndGlobalSection
	GlobalSection(SolutionProperties) = preSolution
		HideSolutionNode = FALSE
	EndGlobalSection
	GlobalSection(ExtensibilityGlobals) = postSolution
		SolutionGuid = {E38ADF13-0011-400A-BA34-891E5AB0569B}
	EndGlobalSection
EndGlobal
